// !$*UTF8*$!
{
	archiveVersion = 1;
	classes = {
	};
	objectVersion = 70;
	objects = {

/* Begin PBXBuildFile section */
		235697182E5D018B006409D8 /* PaceHistorySection.swift in Sources */ = {isa = PBXBuildFile; fileRef = 235697172E5D0189006409D8 /* PaceHistorySection.swift */; };
		2356971D2E5DE2B8006409D8 /* RunDistanceFilter.swift in Sources */ = {isa = PBXBuildFile; fileRef = 2356971C2E5DE2B0006409D8 /* RunDistanceFilter.swift */; };
		2365CAF52E5F348900CF609C /* TTWatch Watch App.app in Embed Watch Content */ = {isa = PBXBuildFile; fileRef = 2365CAEB2E5F348700CF609C /* TTWatch Watch App.app */; settings = {ATTRIBUTES = (RemoveHeadersOnCopy, ); }; };
		2365CB012E5F4B6A00CF609C /* PhoneSession.swift in Sources */ = {isa = PBXBuildFile; fileRef = 2365CB002E5F4B6600CF609C /* PhoneSession.swift */; };
		2365CB032E5F4F6900CF609C /* LiveWorkoutBridge.swift in Sources */ = {isa = PBXBuildFile; fileRef = 2365CB022E5F4F6000CF609C /* LiveWorkoutBridge.swift */; };
		2365CB052E5F4F9500CF609C /* LiveBar.swift in Sources */ = {isa = PBXBuildFile; fileRef = 2365CB042E5F4F9200CF609C /* LiveBar.swift */; };
		2365CB072E5F5FE200CF609C /* LiveWorkoutSummary.swift in Sources */ = {isa = PBXBuildFile; fileRef = 2365CB062E5F5FD700CF609C /* LiveWorkoutSummary.swift */; };
		2365CB092E5F7F0B00CF609C /* SummarySheet.swift in Sources */ = {isa = PBXBuildFile; fileRef = 2365CB082E5F7F0500CF609C /* SummarySheet.swift */; };
		23BE56B42E53706C00600875 /* Persistence.swift in Sources */ = {isa = PBXBuildFile; fileRef = 23BE56B32E53706C00600875 /* Persistence.swift */; };
		23BE56B62E53708D00600875 /* Models.swift in Sources */ = {isa = PBXBuildFile; fileRef = 23BE56B52E53708D00600875 /* Models.swift */; };
		23BE56BA2E5370B800600875 /* README_LOCAL_DB.md in Resources */ = {isa = PBXBuildFile; fileRef = 23BE56B92E5370B700600875 /* README_LOCAL_DB.md */; };
		23BE56C02E53931500600875 /* GymViewModel.swift in Sources */ = {isa = PBXBuildFile; fileRef = 23BE56BB2E53931500600875 /* GymViewModel.swift */; };
		23BE56C12E53931500600875 /* RunningViewModel.swift in Sources */ = {isa = PBXBuildFile; fileRef = 23BE56BD2E53931500600875 /* RunningViewModel.swift */; };
		23BE56C62E53932000600875 /* RunningRepository.swift in Sources */ = {isa = PBXBuildFile; fileRef = 23BE56C22E53932000600875 /* RunningRepository.swift */; };
		23BE56C72E53932000600875 /* StrengthRepository.swift in Sources */ = {isa = PBXBuildFile; fileRef = 23BE56C32E53932000600875 /* StrengthRepository.swift */; };
		23BE57582E5522C700600875 /* RunningHistoryChart.swift in Sources */ = {isa = PBXBuildFile; fileRef = 23BE57572E5522B800600875 /* RunningHistoryChart.swift */; };
		23BE575B2E55467F00600875 /* HealthKitManager.swift in Sources */ = {isa = PBXBuildFile; fileRef = 23BE575A2E55466D00600875 /* HealthKitManager.swift */; };
		23BE57602E55FFD100600875 /* RunningRecordsView.swift in Sources */ = {isa = PBXBuildFile; fileRef = 23BE575F2E55FFC200600875 /* RunningRecordsView.swift */; };
		23BE57B22E563CA700600875 /* GymHistoryChart.swift in Sources */ = {isa = PBXBuildFile; fileRef = 23BE57B12E563C8E00600875 /* GymHistoryChart.swift */; };
		23BE57BD2E57C38300600875 /* RunningLiveManager.swift in Sources */ = {isa = PBXBuildFile; fileRef = 23BE57BC2E57C38000600875 /* RunningLiveManager.swift */; };
		23BE57BF2E57C3AC00600875 /* LiveRunView.swift in Sources */ = {isa = PBXBuildFile; fileRef = 23BE57BE2E57C3A100600875 /* LiveRunView.swift */; };
		A000002 /* ContentView.swift in Sources */ = {isa = PBXBuildFile; fileRef = A000102 /* ContentView.swift */; };
		A000004 /* GymView.swift in Sources */ = {isa = PBXBuildFile; fileRef = A000104 /* GymView.swift */; };
		A000006 /* RunningView.swift in Sources */ = {isa = PBXBuildFile; fileRef = A000106 /* RunningView.swift */; };
/* End PBXBuildFile section */

/* Begin PBXContainerItemProxy section */
		2365CAF32E5F348900CF609C /* PBXContainerItemProxy */ = {
			isa = PBXContainerItemProxy;
			containerPortal = A000000 /* Project object */;
			proxyType = 1;
			remoteGlobalIDString = 2365CAEA2E5F348700CF609C;
			remoteInfo = "TTWatch Watch App";
		};
/* End PBXContainerItemProxy section */

/* Begin PBXCopyFilesBuildPhase section */
		2365CAF62E5F348900CF609C /* Embed Watch Content */ = {
			isa = PBXCopyFilesBuildPhase;
			buildActionMask = 2147483647;
			dstPath = "$(CONTENTS_FOLDER_PATH)/Watch";
			dstSubfolderSpec = 16;
			files = (
				2365CAF52E5F348900CF609C /* TTWatch Watch App.app in Embed Watch Content */,
			);
			name = "Embed Watch Content";
			runOnlyForDeploymentPostprocessing = 0;
		};
/* End PBXCopyFilesBuildPhase section */

/* Begin PBXFileReference section */
		235697172E5D0189006409D8 /* PaceHistorySection.swift */ = {isa = PBXFileReference; lastKnownFileType = sourcecode.swift; path = PaceHistorySection.swift; sourceTree = "<group>"; };
		2356971C2E5DE2B0006409D8 /* RunDistanceFilter.swift */ = {isa = PBXFileReference; lastKnownFileType = sourcecode.swift; path = RunDistanceFilter.swift; sourceTree = "<group>"; };
		2365CAEB2E5F348700CF609C /* TTWatch Watch App.app */ = {isa = PBXFileReference; explicitFileType = wrapper.application; includeInIndex = 0; path = "TTWatch Watch App.app"; sourceTree = BUILT_PRODUCTS_DIR; };
		2365CB002E5F4B6600CF609C /* PhoneSession.swift */ = {isa = PBXFileReference; lastKnownFileType = sourcecode.swift; path = PhoneSession.swift; sourceTree = "<group>"; };
		2365CB022E5F4F6000CF609C /* LiveWorkoutBridge.swift */ = {isa = PBXFileReference; lastKnownFileType = sourcecode.swift; path = LiveWorkoutBridge.swift; sourceTree = "<group>"; };
		2365CB042E5F4F9200CF609C /* LiveBar.swift */ = {isa = PBXFileReference; lastKnownFileType = sourcecode.swift; path = LiveBar.swift; sourceTree = "<group>"; };
		2365CB062E5F5FD700CF609C /* LiveWorkoutSummary.swift */ = {isa = PBXFileReference; lastKnownFileType = sourcecode.swift; path = LiveWorkoutSummary.swift; sourceTree = "<group>"; };
		2365CB082E5F7F0500CF609C /* SummarySheet.swift */ = {isa = PBXFileReference; lastKnownFileType = sourcecode.swift; path = SummarySheet.swift; sourceTree = "<group>"; };
		23BE56B32E53706C00600875 /* Persistence.swift */ = {isa = PBXFileReference; lastKnownFileType = sourcecode.swift; path = Persistence.swift; sourceTree = "<group>"; };
		23BE56B52E53708D00600875 /* Models.swift */ = {isa = PBXFileReference; lastKnownFileType = sourcecode.swift; path = Models.swift; sourceTree = "<group>"; };
		23BE56B92E5370B700600875 /* README_LOCAL_DB.md */ = {isa = PBXFileReference; lastKnownFileType = net.daringfireball.markdown; path = README_LOCAL_DB.md; sourceTree = "<group>"; };
		23BE56BB2E53931500600875 /* GymViewModel.swift */ = {isa = PBXFileReference; lastKnownFileType = sourcecode.swift; path = GymViewModel.swift; sourceTree = "<group>"; };
		23BE56BD2E53931500600875 /* RunningViewModel.swift */ = {isa = PBXFileReference; lastKnownFileType = sourcecode.swift; path = RunningViewModel.swift; sourceTree = "<group>"; };
		23BE56C22E53932000600875 /* RunningRepository.swift */ = {isa = PBXFileReference; lastKnownFileType = sourcecode.swift; path = RunningRepository.swift; sourceTree = "<group>"; };
		23BE56C32E53932000600875 /* StrengthRepository.swift */ = {isa = PBXFileReference; lastKnownFileType = sourcecode.swift; path = StrengthRepository.swift; sourceTree = "<group>"; };
		23BE57572E5522B800600875 /* RunningHistoryChart.swift */ = {isa = PBXFileReference; lastKnownFileType = sourcecode.swift; path = RunningHistoryChart.swift; sourceTree = "<group>"; };
		23BE57592E5545BF00600875 /* SportTracker.entitlements */ = {isa = PBXFileReference; lastKnownFileType = text.plist.entitlements; path = SportTracker.entitlements; sourceTree = "<group>"; };
		23BE575A2E55466D00600875 /* HealthKitManager.swift */ = {isa = PBXFileReference; lastKnownFileType = sourcecode.swift; path = HealthKitManager.swift; sourceTree = "<group>"; };
		23BE575F2E55FFC200600875 /* RunningRecordsView.swift */ = {isa = PBXFileReference; lastKnownFileType = sourcecode.swift; path = RunningRecordsView.swift; sourceTree = "<group>"; };
		23BE57B12E563C8E00600875 /* GymHistoryChart.swift */ = {isa = PBXFileReference; lastKnownFileType = sourcecode.swift; path = GymHistoryChart.swift; sourceTree = "<group>"; };
		23BE57BC2E57C38000600875 /* RunningLiveManager.swift */ = {isa = PBXFileReference; lastKnownFileType = sourcecode.swift; path = RunningLiveManager.swift; sourceTree = "<group>"; };
		23BE57BE2E57C3A100600875 /* LiveRunView.swift */ = {isa = PBXFileReference; lastKnownFileType = sourcecode.swift; path = LiveRunView.swift; sourceTree = "<group>"; };
		A000102 /* ContentView.swift */ = {isa = PBXFileReference; lastKnownFileType = sourcecode.swift; path = ContentView.swift; sourceTree = "<group>"; };
		A000104 /* GymView.swift */ = {isa = PBXFileReference; lastKnownFileType = sourcecode.swift; path = GymView.swift; sourceTree = "<group>"; };
		A000106 /* RunningView.swift */ = {isa = PBXFileReference; lastKnownFileType = sourcecode.swift; path = RunningView.swift; sourceTree = "<group>"; };
		A000400 /* SportTracker.app */ = {isa = PBXFileReference; explicitFileType = wrapper.application; path = SportTracker.app; sourceTree = BUILT_PRODUCTS_DIR; };
/* End PBXFileReference section */

/* Begin PBXFileSystemSynchronizedBuildFileExceptionSet section */
		23BE56D32E53A76B00600875 /* PBXFileSystemSynchronizedBuildFileExceptionSet */ = {
			isa = PBXFileSystemSynchronizedBuildFileExceptionSet;
			membershipExceptions = (
				Info.plist,
			);
			target = A003000 /* SportTracker */;
		};
/* End PBXFileSystemSynchronizedBuildFileExceptionSet section */

/* Begin PBXFileSystemSynchronizedRootGroup section */
		2365CAEC2E5F348700CF609C /* TTWatch Watch App */ = {isa = PBXFileSystemSynchronizedRootGroup; explicitFileTypes = {}; explicitFolders = (); path = "TTWatch Watch App"; sourceTree = "<group>"; };
		23BE56CA2E53A53800600875 /* Domain */ = {isa = PBXFileSystemSynchronizedRootGroup; explicitFileTypes = {}; explicitFolders = (); path = Domain; sourceTree = "<group>"; };
		23BE56CB2E53A55B00600875 /* Shared */ = {isa = PBXFileSystemSynchronizedRootGroup; explicitFileTypes = {}; explicitFolders = (); path = Shared; sourceTree = "<group>"; };
		23BE56CC2E53A56700600875 /* Resources */ = {isa = PBXFileSystemSynchronizedRootGroup; exceptions = (23BE56D32E53A76B00600875 /* PBXFileSystemSynchronizedBuildFileExceptionSet */, ); explicitFileTypes = {}; explicitFolders = (); path = Resources; sourceTree = "<group>"; };
		23BE56CD2E53A57600600875 /* App */ = {isa = PBXFileSystemSynchronizedRootGroup; explicitFileTypes = {}; explicitFolders = (); path = App; sourceTree = "<group>"; };
		23BE56CF2E53A73100600875 /* Summary */ = {isa = PBXFileSystemSynchronizedRootGroup; explicitFileTypes = {}; explicitFolders = (); path = Summary; sourceTree = "<group>"; };
		23BE56D02E53A73A00600875 /* NewTraining */ = {isa = PBXFileSystemSynchronizedRootGroup; explicitFileTypes = {}; explicitFolders = (); path = NewTraining; sourceTree = "<group>"; };
		23BE56F12E54D25F00600875 /* Settings */ = {isa = PBXFileSystemSynchronizedRootGroup; explicitFileTypes = {}; explicitFolders = (); path = Settings; sourceTree = "<group>"; };
/* End PBXFileSystemSynchronizedRootGroup section */

/* Begin PBXFrameworksBuildPhase section */
		2365CAE82E5F348700CF609C /* Frameworks */ = {
			isa = PBXFrameworksBuildPhase;
			buildActionMask = 2147483647;
			files = (
			);
			runOnlyForDeploymentPostprocessing = 0;
		};
		A001000 /* Frameworks */ = {
			isa = PBXFrameworksBuildPhase;
			buildActionMask = 2147483647;
			files = (
			);
			runOnlyForDeploymentPostprocessing = 0;
		};
/* End PBXFrameworksBuildPhase section */

/* Begin PBXGroup section */
		23BE56BC2E53931500600875 /* Gym */ = {
			isa = PBXGroup;
			children = (
				23BE57B12E563C8E00600875 /* GymHistoryChart.swift */,
				23BE56BB2E53931500600875 /* GymViewModel.swift */,
				A000104 /* GymView.swift */,
			);
			path = Gym;
			sourceTree = "<group>";
		};
		23BE56BE2E53931500600875 /* Running */ = {
			isa = PBXGroup;
			children = (
				2356971C2E5DE2B0006409D8 /* RunDistanceFilter.swift */,
				235697172E5D0189006409D8 /* PaceHistorySection.swift */,
				23BE57BE2E57C3A100600875 /* LiveRunView.swift */,
				23BE57BC2E57C38000600875 /* RunningLiveManager.swift */,
				23BE575F2E55FFC200600875 /* RunningRecordsView.swift */,
				23BE57572E5522B800600875 /* RunningHistoryChart.swift */,
				23BE56BD2E53931500600875 /* RunningViewModel.swift */,
				A000106 /* RunningView.swift */,
			);
			path = Running;
			sourceTree = "<group>";
		};
		23BE56BF2E53931500600875 /* Features */ = {
			isa = PBXGroup;
			children = (
				23BE56F12E54D25F00600875 /* Settings */,
				23BE56D02E53A73A00600875 /* NewTraining */,
				23BE56CF2E53A73100600875 /* Summary */,
				23BE56BC2E53931500600875 /* Gym */,
				23BE56BE2E53931500600875 /* Running */,
			);
			path = Features;
			sourceTree = "<group>";
		};
		23BE56C42E53932000600875 /* Repositories */ = {
			isa = PBXGroup;
			children = (
				23BE56C22E53932000600875 /* RunningRepository.swift */,
				23BE56C32E53932000600875 /* StrengthRepository.swift */,
			);
			path = Repositories;
			sourceTree = "<group>";
		};
		23BE56C52E53932000600875 /* Data */ = {
			isa = PBXGroup;
			children = (
				23BE56B32E53706C00600875 /* Persistence.swift */,
				23BE56B52E53708D00600875 /* Models.swift */,
				23BE56C42E53932000600875 /* Repositories */,
			);
			path = Data;
			sourceTree = "<group>";
		};
		A002000 = {
			isa = PBXGroup;
			children = (
				A002100 /* SportTracker */,
				2365CAEC2E5F348700CF609C /* TTWatch Watch App */,
				A002200 /* Products */,
			);
			sourceTree = "<group>";
		};
		A002100 /* SportTracker */ = {
			isa = PBXGroup;
			children = (
				2365CB082E5F7F0500CF609C /* SummarySheet.swift */,
				2365CB062E5F5FD700CF609C /* LiveWorkoutSummary.swift */,
				2365CB042E5F4F9200CF609C /* LiveBar.swift */,
				2365CB022E5F4F6000CF609C /* LiveWorkoutBridge.swift */,
				2365CB002E5F4B6600CF609C /* PhoneSession.swift */,
				23BE575A2E55466D00600875 /* HealthKitManager.swift */,
				23BE57592E5545BF00600875 /* SportTracker.entitlements */,
				23BE56CD2E53A57600600875 /* App */,
				23BE56CC2E53A56700600875 /* Resources */,
				23BE56CB2E53A55B00600875 /* Shared */,
				23BE56CA2E53A53800600875 /* Domain */,
				23BE56C52E53932000600875 /* Data */,
				23BE56BF2E53931500600875 /* Features */,
				23BE56B92E5370B700600875 /* README_LOCAL_DB.md */,
				A000102 /* ContentView.swift */,
			);
			path = SportTracker;
			sourceTree = "<group>";
		};
		A002200 /* Products */ = {
			isa = PBXGroup;
			children = (
				A000400 /* SportTracker.app */,
				2365CAEB2E5F348700CF609C /* TTWatch Watch App.app */,
			);
			name = Products;
			sourceTree = "<group>";
		};
/* End PBXGroup section */

/* Begin PBXNativeTarget section */
		2365CAEA2E5F348700CF609C /* TTWatch Watch App */ = {
			isa = PBXNativeTarget;
			buildConfigurationList = 2365CAF92E5F348900CF609C /* Build configuration list for PBXNativeTarget "TTWatch Watch App" */;
			buildPhases = (
				2365CAE72E5F348700CF609C /* Sources */,
				2365CAE82E5F348700CF609C /* Frameworks */,
				2365CAE92E5F348700CF609C /* Resources */,
			);
			buildRules = (
			);
			dependencies = (
			);
			fileSystemSynchronizedGroups = (
				2365CAEC2E5F348700CF609C /* TTWatch Watch App */,
			);
			name = "TTWatch Watch App";
			packageProductDependencies = (
			);
			productName = "TTWatch Watch App";
			productReference = 2365CAEB2E5F348700CF609C /* TTWatch Watch App.app */;
			productType = "com.apple.product-type.application";
		};
		A003000 /* SportTracker */ = {
			isa = PBXNativeTarget;
			buildConfigurationList = A006000 /* Build configuration list for PBXNativeTarget "SportTracker" */;
			buildPhases = (
				A004000 /* Sources */,
				A001000 /* Frameworks */,
				A005000 /* Resources */,
				2365CAF62E5F348900CF609C /* Embed Watch Content */,
			);
			buildRules = (
			);
			dependencies = (
				2365CAF42E5F348900CF609C /* PBXTargetDependency */,
			);
			fileSystemSynchronizedGroups = (
				23BE56CA2E53A53800600875 /* Domain */,
				23BE56CB2E53A55B00600875 /* Shared */,
				23BE56CC2E53A56700600875 /* Resources */,
				23BE56CD2E53A57600600875 /* App */,
				23BE56CF2E53A73100600875 /* Summary */,
				23BE56D02E53A73A00600875 /* NewTraining */,
				23BE56F12E54D25F00600875 /* Settings */,
			);
			name = SportTracker;
			productName = SportTracker;
			productReference = A000400 /* SportTracker.app */;
			productType = "com.apple.product-type.application";
		};
/* End PBXNativeTarget section */

/* Begin PBXProject section */
		A000000 /* Project object */ = {
			isa = PBXProject;
			attributes = {
				LastSwiftUpdateCheck = 1640;
				LastUpgradeCheck = 1500;
				TargetAttributes = {
					2365CAEA2E5F348700CF609C = {
						CreatedOnToolsVersion = 16.4;
					};
					A003000 = {
						CreatedOnToolsVersion = 15.0;
					};
				};
			};
			buildConfigurationList = A006100 /* Build configuration list for PBXProject "SportTracker" */;
			compatibilityVersion = "Xcode 15.0";
			developmentRegion = en;
			hasScannedForEncodings = 0;
			knownRegions = (
				en,
				es,
			);
			mainGroup = A002000;
			productRefGroup = A002200 /* Products */;
			projectDirPath = "";
			projectRoot = "";
			targets = (
				A003000 /* SportTracker */,
				2365CAEA2E5F348700CF609C /* TTWatch Watch App */,
			);
		};
/* End PBXProject section */

/* Begin PBXResourcesBuildPhase section */
		2365CAE92E5F348700CF609C /* Resources */ = {
			isa = PBXResourcesBuildPhase;
			buildActionMask = 2147483647;
			files = (
			);
			runOnlyForDeploymentPostprocessing = 0;
		};
		A005000 /* Resources */ = {
			isa = PBXResourcesBuildPhase;
			buildActionMask = 2147483647;
			files = (
				23BE56BA2E5370B800600875 /* README_LOCAL_DB.md in Resources */,
			);
			runOnlyForDeploymentPostprocessing = 0;
		};
/* End PBXResourcesBuildPhase section */

/* Begin PBXSourcesBuildPhase section */
		2365CAE72E5F348700CF609C /* Sources */ = {
			isa = PBXSourcesBuildPhase;
			buildActionMask = 2147483647;
			files = (
			);
			runOnlyForDeploymentPostprocessing = 0;
		};
		A004000 /* Sources */ = {
			isa = PBXSourcesBuildPhase;
			buildActionMask = 2147483647;
			files = (
				2365CB072E5F5FE200CF609C /* LiveWorkoutSummary.swift in Sources */,
				23BE57602E55FFD100600875 /* RunningRecordsView.swift in Sources */,
				23BE56B42E53706C00600875 /* Persistence.swift in Sources */,
				A000002 /* ContentView.swift in Sources */,
				23BE56C02E53931500600875 /* GymViewModel.swift in Sources */,
				23BE57BF2E57C3AC00600875 /* LiveRunView.swift in Sources */,
				23BE57B22E563CA700600875 /* GymHistoryChart.swift in Sources */,
				23BE56C12E53931500600875 /* RunningViewModel.swift in Sources */,
				2356971D2E5DE2B8006409D8 /* RunDistanceFilter.swift in Sources */,
				A000004 /* GymView.swift in Sources */,
				A000006 /* RunningView.swift in Sources */,
				23BE56C62E53932000600875 /* RunningRepository.swift in Sources */,
				23BE56C72E53932000600875 /* StrengthRepository.swift in Sources */,
				2365CB012E5F4B6A00CF609C /* PhoneSession.swift in Sources */,
				2365CB032E5F4F6900CF609C /* LiveWorkoutBridge.swift in Sources */,
				2365CB052E5F4F9500CF609C /* LiveBar.swift in Sources */,
				235697182E5D018B006409D8 /* PaceHistorySection.swift in Sources */,
				23BE57582E5522C700600875 /* RunningHistoryChart.swift in Sources */,
				23BE575B2E55467F00600875 /* HealthKitManager.swift in Sources */,
				2365CB092E5F7F0B00CF609C /* SummarySheet.swift in Sources */,
				23BE56B62E53708D00600875 /* Models.swift in Sources */,
				23BE57BD2E57C38300600875 /* RunningLiveManager.swift in Sources */,
			);
			runOnlyForDeploymentPostprocessing = 0;
		};
/* End PBXSourcesBuildPhase section */

/* Begin PBXTargetDependency section */
		2365CAF42E5F348900CF609C /* PBXTargetDependency */ = {
			isa = PBXTargetDependency;
			target = 2365CAEA2E5F348700CF609C /* TTWatch Watch App */;
			targetProxy = 2365CAF32E5F348900CF609C /* PBXContainerItemProxy */;
		};
/* End PBXTargetDependency section */

/* Begin XCBuildConfiguration section */
		2365CAF72E5F348900CF609C /* Debug */ = {
			isa = XCBuildConfiguration;
			buildSettings = {
				ALWAYS_SEARCH_USER_PATHS = NO;
				ASSETCATALOG_COMPILER_APPICON_NAME = AppIcon;
				ASSETCATALOG_COMPILER_GENERATE_SWIFT_ASSET_SYMBOL_EXTENSIONS = YES;
				ASSETCATALOG_COMPILER_GLOBAL_ACCENT_COLOR_NAME = AccentColor;
				CLANG_ANALYZER_NONNULL = YES;
				CLANG_ANALYZER_NUMBER_OBJECT_CONVERSION = YES_AGGRESSIVE;
				CLANG_CXX_LANGUAGE_STANDARD = "gnu++20";
				CLANG_ENABLE_MODULES = YES;
				CLANG_ENABLE_OBJC_ARC = YES;
				CLANG_ENABLE_OBJC_WEAK = YES;
				CLANG_WARN_BLOCK_CAPTURE_AUTORELEASING = YES;
				CLANG_WARN_BOOL_CONVERSION = YES;
				CLANG_WARN_COMMA = YES;
				CLANG_WARN_CONSTANT_CONVERSION = YES;
				CLANG_WARN_DEPRECATED_OBJC_IMPLEMENTATIONS = YES;
				CLANG_WARN_DIRECT_OBJC_ISA_USAGE = YES_ERROR;
				CLANG_WARN_DOCUMENTATION_COMMENTS = YES;
				CLANG_WARN_EMPTY_BODY = YES;
				CLANG_WARN_ENUM_CONVERSION = YES;
				CLANG_WARN_INFINITE_RECURSION = YES;
				CLANG_WARN_INT_CONVERSION = YES;
				CLANG_WARN_NON_LITERAL_NULL_CONVERSION = YES;
				CLANG_WARN_OBJC_IMPLICIT_RETAIN_SELF = YES;
				CLANG_WARN_OBJC_LITERAL_CONVERSION = YES;
				CLANG_WARN_OBJC_ROOT_CLASS = YES_ERROR;
				CLANG_WARN_QUOTED_INCLUDE_IN_FRAMEWORK_HEADER = YES;
				CLANG_WARN_RANGE_LOOP_ANALYSIS = YES;
				CLANG_WARN_STRICT_PROTOTYPES = YES;
				CLANG_WARN_SUSPICIOUS_MOVE = YES;
				CLANG_WARN_UNGUARDED_AVAILABILITY = YES_AGGRESSIVE;
				CLANG_WARN_UNREACHABLE_CODE = YES;
				CLANG_WARN__DUPLICATE_METHOD_MATCH = YES;
				CODE_SIGN_STYLE = Automatic;
				COPY_PHASE_STRIP = NO;
				CURRENT_PROJECT_VERSION = 1;
				DEBUG_INFORMATION_FORMAT = dwarf;
				DEVELOPMENT_TEAM = 8568JZJ3QU;
				ENABLE_PREVIEWS = YES;
				ENABLE_STRICT_OBJC_MSGSEND = YES;
				ENABLE_TESTABILITY = YES;
				ENABLE_USER_SCRIPT_SANDBOXING = YES;
				GCC_C_LANGUAGE_STANDARD = gnu17;
				GCC_DYNAMIC_NO_PIC = NO;
				GCC_NO_COMMON_BLOCKS = YES;
				GCC_OPTIMIZATION_LEVEL = 0;
				GCC_PREPROCESSOR_DEFINITIONS = (
					"DEBUG=1",
					"$(inherited)",
				);
				GCC_WARN_64_TO_32_BIT_CONVERSION = YES;
				GCC_WARN_ABOUT_RETURN_TYPE = YES_ERROR;
				GCC_WARN_UNDECLARED_SELECTOR = YES;
				GCC_WARN_UNINITIALIZED_AUTOS = YES_AGGRESSIVE;
				GCC_WARN_UNUSED_FUNCTION = YES;
				GCC_WARN_UNUSED_VARIABLE = YES;
				GENERATE_INFOPLIST_FILE = YES;
				INFOPLIST_KEY_CFBundleDisplayName = Tits;
				INFOPLIST_KEY_LSApplicationCategoryType = "public.app-category.sports";
				INFOPLIST_KEY_NSHealthShareUsageDescription = "This app reads your running workouts from Apple Health to import them into SportTracker.";
				INFOPLIST_KEY_NSHealthUpdateUsageDescription = "App saves your workouts to Health.";
				INFOPLIST_KEY_NSLocationAlwaysAndWhenInUseUsageDescription = "App uses your location to record your route while the app runs in the background.";
				INFOPLIST_KEY_NSLocationWhenInUseUsageDescription = "App uses your location to record your running route during workouts.";
				INFOPLIST_KEY_UILaunchStoryboardName = LaunchScreen;
				INFOPLIST_KEY_UISupportedInterfaceOrientations = UIInterfaceOrientationPortrait;
				INFOPLIST_KEY_WKCompanionAppBundleIdentifier = com.satcom.SportTracker;
				LD_RUNPATH_SEARCH_PATHS = (
					"$(inherited)",
					"@executable_path/Frameworks",
				);
				LOCALIZATION_PREFERS_STRING_CATALOGS = YES;
				MARKETING_VERSION = 1.0;
				MTL_ENABLE_DEBUG_INFO = INCLUDE_SOURCE;
				MTL_FAST_MATH = YES;
				ONLY_ACTIVE_ARCH = YES;
				PRODUCT_BUNDLE_IDENTIFIER = com.satcom.SportTracker.watchkitapp;
				PRODUCT_NAME = "$(TARGET_NAME)";
				SDKROOT = watchos;
				SKIP_INSTALL = YES;
				SUPPORTED_PLATFORMS = "watchsimulator watchos";
				SWIFT_ACTIVE_COMPILATION_CONDITIONS = "DEBUG $(inherited)";
				SWIFT_EMIT_LOC_STRINGS = YES;
				SWIFT_OPTIMIZATION_LEVEL = "-Onone";
				SWIFT_VERSION = 5.0;
				TARGETED_DEVICE_FAMILY = 4;
				WATCHOS_DEPLOYMENT_TARGET = 10.0;
			};
			name = Debug;
		};
		2365CAF82E5F348900CF609C /* Release */ = {
			isa = XCBuildConfiguration;
			buildSettings = {
				ALWAYS_SEARCH_USER_PATHS = NO;
				ASSETCATALOG_COMPILER_APPICON_NAME = AppIcon;
				ASSETCATALOG_COMPILER_GENERATE_SWIFT_ASSET_SYMBOL_EXTENSIONS = YES;
				ASSETCATALOG_COMPILER_GLOBAL_ACCENT_COLOR_NAME = AccentColor;
				CLANG_ANALYZER_NONNULL = YES;
				CLANG_ANALYZER_NUMBER_OBJECT_CONVERSION = YES_AGGRESSIVE;
				CLANG_CXX_LANGUAGE_STANDARD = "gnu++20";
				CLANG_ENABLE_MODULES = YES;
				CLANG_ENABLE_OBJC_ARC = YES;
				CLANG_ENABLE_OBJC_WEAK = YES;
				CLANG_WARN_BLOCK_CAPTURE_AUTORELEASING = YES;
				CLANG_WARN_BOOL_CONVERSION = YES;
				CLANG_WARN_COMMA = YES;
				CLANG_WARN_CONSTANT_CONVERSION = YES;
				CLANG_WARN_DEPRECATED_OBJC_IMPLEMENTATIONS = YES;
				CLANG_WARN_DIRECT_OBJC_ISA_USAGE = YES_ERROR;
				CLANG_WARN_DOCUMENTATION_COMMENTS = YES;
				CLANG_WARN_EMPTY_BODY = YES;
				CLANG_WARN_ENUM_CONVERSION = YES;
				CLANG_WARN_INFINITE_RECURSION = YES;
				CLANG_WARN_INT_CONVERSION = YES;
				CLANG_WARN_NON_LITERAL_NULL_CONVERSION = YES;
				CLANG_WARN_OBJC_IMPLICIT_RETAIN_SELF = YES;
				CLANG_WARN_OBJC_LITERAL_CONVERSION = YES;
				CLANG_WARN_OBJC_ROOT_CLASS = YES_ERROR;
				CLANG_WARN_QUOTED_INCLUDE_IN_FRAMEWORK_HEADER = YES;
				CLANG_WARN_RANGE_LOOP_ANALYSIS = YES;
				CLANG_WARN_STRICT_PROTOTYPES = YES;
				CLANG_WARN_SUSPICIOUS_MOVE = YES;
				CLANG_WARN_UNGUARDED_AVAILABILITY = YES_AGGRESSIVE;
				CLANG_WARN_UNREACHABLE_CODE = YES;
				CLANG_WARN__DUPLICATE_METHOD_MATCH = YES;
				CODE_SIGN_STYLE = Automatic;
				COPY_PHASE_STRIP = NO;
				CURRENT_PROJECT_VERSION = 1;
				DEBUG_INFORMATION_FORMAT = "dwarf-with-dsym";
				DEVELOPMENT_TEAM = 8568JZJ3QU;
				ENABLE_NS_ASSERTIONS = NO;
				ENABLE_PREVIEWS = YES;
				ENABLE_STRICT_OBJC_MSGSEND = YES;
				ENABLE_USER_SCRIPT_SANDBOXING = YES;
				GCC_C_LANGUAGE_STANDARD = gnu17;
				GCC_NO_COMMON_BLOCKS = YES;
				GCC_WARN_64_TO_32_BIT_CONVERSION = YES;
				GCC_WARN_ABOUT_RETURN_TYPE = YES_ERROR;
				GCC_WARN_UNDECLARED_SELECTOR = YES;
				GCC_WARN_UNINITIALIZED_AUTOS = YES_AGGRESSIVE;
				GCC_WARN_UNUSED_FUNCTION = YES;
				GCC_WARN_UNUSED_VARIABLE = YES;
				GENERATE_INFOPLIST_FILE = YES;
				INFOPLIST_KEY_CFBundleDisplayName = Tits;
				INFOPLIST_KEY_LSApplicationCategoryType = "public.app-category.sports";
				INFOPLIST_KEY_NSHealthShareUsageDescription = "This app reads your running workouts from Apple Health to import them into SportTracker.";
				INFOPLIST_KEY_NSHealthUpdateUsageDescription = "App saves your workouts to Health.";
				INFOPLIST_KEY_NSLocationAlwaysAndWhenInUseUsageDescription = "App uses your location to record your route while the app runs in the background.";
				INFOPLIST_KEY_NSLocationWhenInUseUsageDescription = "App uses your location to record your running route during workouts.";
				INFOPLIST_KEY_UILaunchStoryboardName = LaunchScreen;
				INFOPLIST_KEY_UISupportedInterfaceOrientations = UIInterfaceOrientationPortrait;
				INFOPLIST_KEY_WKCompanionAppBundleIdentifier = com.satcom.SportTracker;
				LD_RUNPATH_SEARCH_PATHS = (
					"$(inherited)",
					"@executable_path/Frameworks",
				);
				LOCALIZATION_PREFERS_STRING_CATALOGS = YES;
				MARKETING_VERSION = 1.0;
				MTL_ENABLE_DEBUG_INFO = NO;
				MTL_FAST_MATH = YES;
				PRODUCT_BUNDLE_IDENTIFIER = com.satcom.SportTracker.watchkitapp;
				PRODUCT_NAME = "$(TARGET_NAME)";
				SDKROOT = watchos;
				SKIP_INSTALL = YES;
				SUPPORTED_PLATFORMS = "watchsimulator watchos";
				SWIFT_COMPILATION_MODE = wholemodule;
				SWIFT_EMIT_LOC_STRINGS = YES;
				SWIFT_VERSION = 5.0;
				TARGETED_DEVICE_FAMILY = 4;
				VALIDATE_PRODUCT = YES;
				WATCHOS_DEPLOYMENT_TARGET = 10.0;
			};
			name = Release;
		};
		A006200 /* Debug */ = {
			isa = XCBuildConfiguration;
			buildSettings = {
				ASSETCATALOG_COMPILER_APPICON_NAME = AppIcon;
				CODE_SIGN_ENTITLEMENTS = SportTracker/SportTracker.entitlements;
				CODE_SIGN_STYLE = Automatic;
				CURRENT_PROJECT_VERSION = 1;
				DEVELOPMENT_TEAM = 8568JZJ3QU;
				GENERATE_INFOPLIST_FILE = YES;
				INFOPLIST_FILE = SportTracker/Resources/Info.plist;
				INFOPLIST_KEY_CFBundleDisplayName = Tits;
				INFOPLIST_KEY_LSApplicationCategoryType = "public.app-category.sports";
				INFOPLIST_KEY_NSHealthShareUsageDescription = "SportTracker reads your workouts, routes, distance, heart rate, and calories from the Health app to display and sync your sessions.";
				INFOPLIST_KEY_NSHealthUpdateUsageDescription = "SportTracker writes your workouts and metrics to the Health app to keep your records up to date.";
				INFOPLIST_KEY_NSLocationAlwaysAndWhenInUseUsageDescription = "We use your location in the background during workouts so tracking can continue when the screen is off.";
				INFOPLIST_KEY_NSLocationWhenInUseUsageDescription = "We use your location during workouts to record distance and routes.";
				INFOPLIST_KEY_NSMotionUsageDescription = "We use motion data to improve pace and distance estimates during workouts.";
				IPHONEOS_DEPLOYMENT_TARGET = 17.0;
				MARKETING_VERSION = 1.0;
				PRODUCT_BUNDLE_IDENTIFIER = com.satcom.SportTracker;
				PRODUCT_NAME = SportTracker;
				SDKROOT = iphoneos;
				SUPPORTED_PLATFORMS = "iphonesimulator iphoneos";
				SWIFT_EMIT_LOC_STRINGS = YES;
				SWIFT_VERSION = 5.0;
				TARGETED_DEVICE_FAMILY = 1;
			};
			name = Debug;
		};
		A006300 /* Release */ = {
			isa = XCBuildConfiguration;
			buildSettings = {
				ASSETCATALOG_COMPILER_APPICON_NAME = AppIcon;
				CODE_SIGN_ENTITLEMENTS = SportTracker/SportTracker.entitlements;
				CODE_SIGN_STYLE = Automatic;
				CURRENT_PROJECT_VERSION = 1;
				DEVELOPMENT_TEAM = 8568JZJ3QU;
				GENERATE_INFOPLIST_FILE = YES;
				INFOPLIST_FILE = SportTracker/Resources/Info.plist;
				INFOPLIST_KEY_CFBundleDisplayName = Tits;
				INFOPLIST_KEY_LSApplicationCategoryType = "public.app-category.sports";
				INFOPLIST_KEY_NSHealthShareUsageDescription = "SportTracker reads your workouts, routes, distance, heart rate, and calories from the Health app to display and sync your sessions.";
				INFOPLIST_KEY_NSHealthUpdateUsageDescription = "SportTracker writes your workouts and metrics to the Health app to keep your records up to date.";
				INFOPLIST_KEY_NSLocationAlwaysAndWhenInUseUsageDescription = "We use your location in the background during workouts so tracking can continue when the screen is off.";
				INFOPLIST_KEY_NSLocationWhenInUseUsageDescription = "We use your location during workouts to record distance and routes.";
				INFOPLIST_KEY_NSMotionUsageDescription = "We use motion data to improve pace and distance estimates during workouts.";
				IPHONEOS_DEPLOYMENT_TARGET = 17.0;
				MARKETING_VERSION = 1.0;
				PRODUCT_BUNDLE_IDENTIFIER = com.satcom.SportTracker;
				PRODUCT_NAME = SportTracker;
				SDKROOT = iphoneos;
				SUPPORTED_PLATFORMS = "iphonesimulator iphoneos";
				SWIFT_EMIT_LOC_STRINGS = YES;
				SWIFT_VERSION = 5.0;
				TARGETED_DEVICE_FAMILY = 1;
			};
			name = Release;
		};
/* End XCBuildConfiguration section */

/* Begin XCConfigurationList section */
		2365CAF92E5F348900CF609C /* Build configuration list for PBXNativeTarget "TTWatch Watch App" */ = {
			isa = XCConfigurationList;
			buildConfigurations = (
				2365CAF72E5F348900CF609C /* Debug */,
				2365CAF82E5F348900CF609C /* Release */,
			);
			defaultConfigurationIsVisible = 0;
			defaultConfigurationName = Release;
		};
		A006000 /* Build configuration list for PBXNativeTarget "SportTracker" */ = {
			isa = XCConfigurationList;
			buildConfigurations = (
				A006200 /* Debug */,
				A006300 /* Release */,
			);
			defaultConfigurationIsVisible = 0;
			defaultConfigurationName = Release;
		};
		A006100 /* Build configuration list for PBXProject "SportTracker" */ = {
			isa = XCConfigurationList;
			buildConfigurations = (
				A006200 /* Debug */,
				A006300 /* Release */,
			);
			defaultConfigurationIsVisible = 0;
			defaultConfigurationName = Release;
		};
/* End XCConfigurationList section */
	};
	rootObject = A000000 /* Project object */;
}
